// !$*UTF8*$!
{
	archiveVersion = 1;
	classes = {
	};
	objectVersion = 46;
	objects = {

/* Begin PBXBuildFile section */
		E4613D631BA7C3AE0098DD2F /* AppDelegate.swift in Sources */ = {isa = PBXBuildFile; fileRef = E4613D621BA7C3AE0098DD2F /* AppDelegate.swift */; };
		E4613D651BA7C3AE0098DD2F /* GameScene.sks in Resources */ = {isa = PBXBuildFile; fileRef = E4613D641BA7C3AE0098DD2F /* GameScene.sks */; };
		E4613D691BA7C3AE0098DD2F /* GameViewController.swift in Sources */ = {isa = PBXBuildFile; fileRef = E4613D681BA7C3AE0098DD2F /* GameViewController.swift */; };
		E4613D6C1BA7C3AE0098DD2F /* Main.storyboard in Resources */ = {isa = PBXBuildFile; fileRef = E4613D6A1BA7C3AE0098DD2F /* Main.storyboard */; };
		E4613D6E1BA7C3AE0098DD2F /* Assets.xcassets in Resources */ = {isa = PBXBuildFile; fileRef = E4613D6D1BA7C3AE0098DD2F /* Assets.xcassets */; };
		E4613D711BA7C3AE0098DD2F /* LaunchScreen.storyboard in Resources */ = {isa = PBXBuildFile; fileRef = E4613D6F1BA7C3AE0098DD2F /* LaunchScreen.storyboard */; };
		E4613D7C1BA7C3AE0098DD2F /* SpaceshiftTests.swift in Sources */ = {isa = PBXBuildFile; fileRef = E4613D7B1BA7C3AE0098DD2F /* SpaceshiftTests.swift */; };
		E4613D871BA7C3AE0098DD2F /* SpaceshiftUITests.swift in Sources */ = {isa = PBXBuildFile; fileRef = E4613D861BA7C3AE0098DD2F /* SpaceshiftUITests.swift */; };
		E4613D951BA7C6A00098DD2F /* CoreMotion.framework in Frameworks */ = {isa = PBXBuildFile; fileRef = E4613D941BA7C6A00098DD2F /* CoreMotion.framework */; };
		E4613D9B1BA7C70E0098DD2F /* Column.swift in Sources */ = {isa = PBXBuildFile; fileRef = E4613D961BA7C70E0098DD2F /* Column.swift */; };
		E4613D9C1BA7C70E0098DD2F /* GameScene.swift in Sources */ = {isa = PBXBuildFile; fileRef = E4613D971BA7C70E0098DD2F /* GameScene.swift */; };
		E4613D9D1BA7C70E0098DD2F /* User.swift in Sources */ = {isa = PBXBuildFile; fileRef = E4613D981BA7C70E0098DD2F /* User.swift */; };
		E4613D9E1BA7C70E0098DD2F /* column.png in Resources */ = {isa = PBXBuildFile; fileRef = E4613D991BA7C70E0098DD2F /* column.png */; };
		E4613D9F1BA7C70E0098DD2F /* user.png in Resources */ = {isa = PBXBuildFile; fileRef = E4613D9A1BA7C70E0098DD2F /* user.png */; };
/* End PBXBuildFile section */

/* Begin PBXContainerItemProxy section */
		E4613D781BA7C3AE0098DD2F /* PBXContainerItemProxy */ = {
			isa = PBXContainerItemProxy;
			containerPortal = E4613D571BA7C3AE0098DD2F /* Project object */;
			proxyType = 1;
			remoteGlobalIDString = E4613D5E1BA7C3AE0098DD2F;
			remoteInfo = Spaceshift;
		};
		E4613D831BA7C3AE0098DD2F /* PBXContainerItemProxy */ = {
			isa = PBXContainerItemProxy;
			containerPortal = E4613D571BA7C3AE0098DD2F /* Project object */;
			proxyType = 1;
			remoteGlobalIDString = E4613D5E1BA7C3AE0098DD2F;
			remoteInfo = Spaceshift;
		};
/* End PBXContainerItemProxy section */

/* Begin PBXFileReference section */
		E4613D5F1BA7C3AE0098DD2F /* Spaceshift.app */ = {isa = PBXFileReference; explicitFileType = wrapper.application; includeInIndex = 0; path = Spaceshift.app; sourceTree = BUILT_PRODUCTS_DIR; };
		E4613D621BA7C3AE0098DD2F /* AppDelegate.swift */ = {isa = PBXFileReference; lastKnownFileType = sourcecode.swift; path = AppDelegate.swift; sourceTree = "<group>"; };
		E4613D641BA7C3AE0098DD2F /* GameScene.sks */ = {isa = PBXFileReference; lastKnownFileType = file.sks; path = GameScene.sks; sourceTree = "<group>"; };
		E4613D681BA7C3AE0098DD2F /* GameViewController.swift */ = {isa = PBXFileReference; lastKnownFileType = sourcecode.swift; path = GameViewController.swift; sourceTree = "<group>"; };
		E4613D6B1BA7C3AE0098DD2F /* Base */ = {isa = PBXFileReference; lastKnownFileType = file.storyboard; name = Base; path = Base.lproj/Main.storyboard; sourceTree = "<group>"; };
		E4613D6D1BA7C3AE0098DD2F /* Assets.xcassets */ = {isa = PBXFileReference; lastKnownFileType = folder.assetcatalog; path = Assets.xcassets; sourceTree = "<group>"; };
		E4613D701BA7C3AE0098DD2F /* Base */ = {isa = PBXFileReference; lastKnownFileType = file.storyboard; name = Base; path = Base.lproj/LaunchScreen.storyboard; sourceTree = "<group>"; };
		E4613D721BA7C3AE0098DD2F /* Info.plist */ = {isa = PBXFileReference; lastKnownFileType = text.plist.xml; path = Info.plist; sourceTree = "<group>"; };
		E4613D771BA7C3AE0098DD2F /* SpaceshiftTests.xctest */ = {isa = PBXFileReference; explicitFileType = wrapper.cfbundle; includeInIndex = 0; path = SpaceshiftTests.xctest; sourceTree = BUILT_PRODUCTS_DIR; };
		E4613D7B1BA7C3AE0098DD2F /* SpaceshiftTests.swift */ = {isa = PBXFileReference; lastKnownFileType = sourcecode.swift; path = SpaceshiftTests.swift; sourceTree = "<group>"; };
		E4613D7D1BA7C3AE0098DD2F /* Info.plist */ = {isa = PBXFileReference; lastKnownFileType = text.plist.xml; path = Info.plist; sourceTree = "<group>"; };
		E4613D821BA7C3AE0098DD2F /* SpaceshiftUITests.xctest */ = {isa = PBXFileReference; explicitFileType = wrapper.cfbundle; includeInIndex = 0; path = SpaceshiftUITests.xctest; sourceTree = BUILT_PRODUCTS_DIR; };
		E4613D861BA7C3AE0098DD2F /* SpaceshiftUITests.swift */ = {isa = PBXFileReference; lastKnownFileType = sourcecode.swift; path = SpaceshiftUITests.swift; sourceTree = "<group>"; };
		E4613D881BA7C3AE0098DD2F /* Info.plist */ = {isa = PBXFileReference; lastKnownFileType = text.plist.xml; path = Info.plist; sourceTree = "<group>"; };
		E4613D941BA7C6A00098DD2F /* CoreMotion.framework */ = {isa = PBXFileReference; lastKnownFileType = wrapper.framework; name = CoreMotion.framework; path = System/Library/Frameworks/CoreMotion.framework; sourceTree = SDKROOT; };
		E4613D961BA7C70E0098DD2F /* Column.swift */ = {isa = PBXFileReference; fileEncoding = 4; lastKnownFileType = sourcecode.swift; name = Column.swift; path = ../../GyroTest/GyroTest/Column.swift; sourceTree = "<group>"; };
		E4613D971BA7C70E0098DD2F /* GameScene.swift */ = {isa = PBXFileReference; fileEncoding = 4; lastKnownFileType = sourcecode.swift; name = GameScene.swift; path = ../../GyroTest/GyroTest/GameScene.swift; sourceTree = "<group>"; };
		E4613D981BA7C70E0098DD2F /* User.swift */ = {isa = PBXFileReference; fileEncoding = 4; lastKnownFileType = sourcecode.swift; name = User.swift; path = ../../GyroTest/GyroTest/User.swift; sourceTree = "<group>"; };
		E4613D991BA7C70E0098DD2F /* column.png */ = {isa = PBXFileReference; lastKnownFileType = image.png; name = column.png; path = ../../GyroTest/GyroTest/column.png; sourceTree = "<group>"; };
		E4613D9A1BA7C70E0098DD2F /* user.png */ = {isa = PBXFileReference; lastKnownFileType = image.png; name = user.png; path = ../../GyroTest/GyroTest/user.png; sourceTree = "<group>"; };
/* End PBXFileReference section */

/* Begin PBXFrameworksBuildPhase section */
		E4613D5C1BA7C3AE0098DD2F /* Frameworks */ = {
			isa = PBXFrameworksBuildPhase;
			buildActionMask = 2147483647;
			files = (
				E4613D951BA7C6A00098DD2F /* CoreMotion.framework in Frameworks */,
			);
			runOnlyForDeploymentPostprocessing = 0;
		};
		E4613D741BA7C3AE0098DD2F /* Frameworks */ = {
			isa = PBXFrameworksBuildPhase;
			buildActionMask = 2147483647;
			files = (
			);
			runOnlyForDeploymentPostprocessing = 0;
		};
		E4613D7F1BA7C3AE0098DD2F /* Frameworks */ = {
			isa = PBXFrameworksBuildPhase;
			buildActionMask = 2147483647;
			files = (
			);
			runOnlyForDeploymentPostprocessing = 0;
		};
/* End PBXFrameworksBuildPhase section */

/* Begin PBXGroup section */
		E4613D561BA7C3AE0098DD2F = {
			isa = PBXGroup;
			children = (
				E4613D941BA7C6A00098DD2F /* CoreMotion.framework */,
				E4613D611BA7C3AE0098DD2F /* Spaceshift */,
				E4613D7A1BA7C3AE0098DD2F /* SpaceshiftTests */,
				E4613D851BA7C3AE0098DD2F /* SpaceshiftUITests */,
				E4613D601BA7C3AE0098DD2F /* Products */,
			);
			sourceTree = "<group>";
		};
		E4613D601BA7C3AE0098DD2F /* Products */ = {
			isa = PBXGroup;
			children = (
				E4613D5F1BA7C3AE0098DD2F /* Spaceshift.app */,
				E4613D771BA7C3AE0098DD2F /* SpaceshiftTests.xctest */,
				E4613D821BA7C3AE0098DD2F /* SpaceshiftUITests.xctest */,
			);
			name = Products;
			sourceTree = "<group>";
		};
		E4613D611BA7C3AE0098DD2F /* Spaceshift */ = {
			isa = PBXGroup;
			children = (
				E4613D621BA7C3AE0098DD2F /* AppDelegate.swift */,
				E4613D641BA7C3AE0098DD2F /* GameScene.sks */,
				E4613D961BA7C70E0098DD2F /* Column.swift */,
				E4613D971BA7C70E0098DD2F /* GameScene.swift */,
				E4613D981BA7C70E0098DD2F /* User.swift */,
				E4613D991BA7C70E0098DD2F /* column.png */,
				E4613D9A1BA7C70E0098DD2F /* user.png */,
				E4613D681BA7C3AE0098DD2F /* GameViewController.swift */,
				E4613D6A1BA7C3AE0098DD2F /* Main.storyboard */,
				E4613D6D1BA7C3AE0098DD2F /* Assets.xcassets */,
				E4613D6F1BA7C3AE0098DD2F /* LaunchScreen.storyboard */,
				E4613D721BA7C3AE0098DD2F /* Info.plist */,
			);
			path = Spaceshift;
			sourceTree = "<group>";
		};
		E4613D7A1BA7C3AE0098DD2F /* SpaceshiftTests */ = {
			isa = PBXGroup;
			children = (
				E4613D7B1BA7C3AE0098DD2F /* SpaceshiftTests.swift */,
				E4613D7D1BA7C3AE0098DD2F /* Info.plist */,
			);
			path = SpaceshiftTests;
			sourceTree = "<group>";
		};
		E4613D851BA7C3AE0098DD2F /* SpaceshiftUITests */ = {
			isa = PBXGroup;
			children = (
				E4613D861BA7C3AE0098DD2F /* SpaceshiftUITests.swift */,
				E4613D881BA7C3AE0098DD2F /* Info.plist */,
			);
			path = SpaceshiftUITests;
			sourceTree = "<group>";
		};
/* End PBXGroup section */

/* Begin PBXNativeTarget section */
		E4613D5E1BA7C3AE0098DD2F /* Spaceshift */ = {
			isa = PBXNativeTarget;
			buildConfigurationList = E4613D8B1BA7C3AE0098DD2F /* Build configuration list for PBXNativeTarget "Spaceshift" */;
			buildPhases = (
				E4613D5B1BA7C3AE0098DD2F /* Sources */,
				E4613D5C1BA7C3AE0098DD2F /* Frameworks */,
				E4613D5D1BA7C3AE0098DD2F /* Resources */,
			);
			buildRules = (
			);
			dependencies = (
			);
			name = Spaceshift;
			productName = Spaceshift;
			productReference = E4613D5F1BA7C3AE0098DD2F /* Spaceshift.app */;
			productType = "com.apple.product-type.application";
		};
		E4613D761BA7C3AE0098DD2F /* SpaceshiftTests */ = {
			isa = PBXNativeTarget;
			buildConfigurationList = E4613D8E1BA7C3AE0098DD2F /* Build configuration list for PBXNativeTarget "SpaceshiftTests" */;
			buildPhases = (
				E4613D731BA7C3AE0098DD2F /* Sources */,
				E4613D741BA7C3AE0098DD2F /* Frameworks */,
				E4613D751BA7C3AE0098DD2F /* Resources */,
			);
			buildRules = (
			);
			dependencies = (
				E4613D791BA7C3AE0098DD2F /* PBXTargetDependency */,
			);
			name = SpaceshiftTests;
			productName = SpaceshiftTests;
			productReference = E4613D771BA7C3AE0098DD2F /* SpaceshiftTests.xctest */;
			productType = "com.apple.product-type.bundle.unit-test";
		};
		E4613D811BA7C3AE0098DD2F /* SpaceshiftUITests */ = {
			isa = PBXNativeTarget;
			buildConfigurationList = E4613D911BA7C3AE0098DD2F /* Build configuration list for PBXNativeTarget "SpaceshiftUITests" */;
			buildPhases = (
				E4613D7E1BA7C3AE0098DD2F /* Sources */,
				E4613D7F1BA7C3AE0098DD2F /* Frameworks */,
				E4613D801BA7C3AE0098DD2F /* Resources */,
			);
			buildRules = (
			);
			dependencies = (
				E4613D841BA7C3AE0098DD2F /* PBXTargetDependency */,
			);
			name = SpaceshiftUITests;
			productName = SpaceshiftUITests;
			productReference = E4613D821BA7C3AE0098DD2F /* SpaceshiftUITests.xctest */;
			productType = "com.apple.product-type.bundle.ui-testing";
		};
/* End PBXNativeTarget section */

/* Begin PBXProject section */
		E4613D571BA7C3AE0098DD2F /* Project object */ = {
			isa = PBXProject;
			attributes = {
				LastUpgradeCheck = 0710;
				ORGANIZATIONNAME = EElite;
				TargetAttributes = {
					E4613D5E1BA7C3AE0098DD2F = {
						CreatedOnToolsVersion = 7.1;
						DevelopmentTeam = 5DKA8C9JGY;
					};
					E4613D761BA7C3AE0098DD2F = {
						CreatedOnToolsVersion = 7.1;
						DevelopmentTeam = 5DKA8C9JGY;
						TestTargetID = E4613D5E1BA7C3AE0098DD2F;
					};
					E4613D811BA7C3AE0098DD2F = {
						CreatedOnToolsVersion = 7.1;
						DevelopmentTeam = 5DKA8C9JGY;
						TestTargetID = E4613D5E1BA7C3AE0098DD2F;
					};
				};
			};
			buildConfigurationList = E4613D5A1BA7C3AE0098DD2F /* Build configuration list for PBXProject "Spaceshift" */;
			compatibilityVersion = "Xcode 3.2";
			developmentRegion = English;
			hasScannedForEncodings = 0;
			knownRegions = (
				en,
				Base,
			);
			mainGroup = E4613D561BA7C3AE0098DD2F;
			productRefGroup = E4613D601BA7C3AE0098DD2F /* Products */;
			projectDirPath = "";
			projectRoot = "";
			targets = (
				E4613D5E1BA7C3AE0098DD2F /* Spaceshift */,
				E4613D761BA7C3AE0098DD2F /* SpaceshiftTests */,
				E4613D811BA7C3AE0098DD2F /* SpaceshiftUITests */,
			);
		};
/* End PBXProject section */

/* Begin PBXResourcesBuildPhase section */
		E4613D5D1BA7C3AE0098DD2F /* Resources */ = {
			isa = PBXResourcesBuildPhase;
			buildActionMask = 2147483647;
			files = (
				E4613D9E1BA7C70E0098DD2F /* column.png in Resources */,
				E4613D651BA7C3AE0098DD2F /* GameScene.sks in Resources */,
				E4613D9F1BA7C70E0098DD2F /* user.png in Resources */,
				E4613D711BA7C3AE0098DD2F /* LaunchScreen.storyboard in Resources */,
				E4613D6E1BA7C3AE0098DD2F /* Assets.xcassets in Resources */,
				E4613D6C1BA7C3AE0098DD2F /* Main.storyboard in Resources */,
			);
			runOnlyForDeploymentPostprocessing = 0;
		};
		E4613D751BA7C3AE0098DD2F /* Resources */ = {
			isa = PBXResourcesBuildPhase;
			buildActionMask = 2147483647;
			files = (
			);
			runOnlyForDeploymentPostprocessing = 0;
		};
		E4613D801BA7C3AE0098DD2F /* Resources */ = {
			isa = PBXResourcesBuildPhase;
			buildActionMask = 2147483647;
			files = (
			);
			runOnlyForDeploymentPostprocessing = 0;
		};
/* End PBXResourcesBuildPhase section */

/* Begin PBXSourcesBuildPhase section */
		E4613D5B1BA7C3AE0098DD2F /* Sources */ = {
			isa = PBXSourcesBuildPhase;
			buildActionMask = 2147483647;
			files = (
				E4613D691BA7C3AE0098DD2F /* GameViewController.swift in Sources */,
				E4613D631BA7C3AE0098DD2F /* AppDelegate.swift in Sources */,
				E4613D9C1BA7C70E0098DD2F /* GameScene.swift in Sources */,
				E4613D9D1BA7C70E0098DD2F /* User.swift in Sources */,
				E4613D9B1BA7C70E0098DD2F /* Column.swift in Sources */,
			);
			runOnlyForDeploymentPostprocessing = 0;
		};
		E4613D731BA7C3AE0098DD2F /* Sources */ = {
			isa = PBXSourcesBuildPhase;
			buildActionMask = 2147483647;
			files = (
				E4613D7C1BA7C3AE0098DD2F /* SpaceshiftTests.swift in Sources */,
			);
			runOnlyForDeploymentPostprocessing = 0;
		};
		E4613D7E1BA7C3AE0098DD2F /* Sources */ = {
			isa = PBXSourcesBuildPhase;
			buildActionMask = 2147483647;
			files = (
				E4613D871BA7C3AE0098DD2F /* SpaceshiftUITests.swift in Sources */,
			);
			runOnlyForDeploymentPostprocessing = 0;
		};
/* End PBXSourcesBuildPhase section */

/* Begin PBXTargetDependency section */
		E4613D791BA7C3AE0098DD2F /* PBXTargetDependency */ = {
			isa = PBXTargetDependency;
			target = E4613D5E1BA7C3AE0098DD2F /* Spaceshift */;
			targetProxy = E4613D781BA7C3AE0098DD2F /* PBXContainerItemProxy */;
		};
		E4613D841BA7C3AE0098DD2F /* PBXTargetDependency */ = {
			isa = PBXTargetDependency;
			target = E4613D5E1BA7C3AE0098DD2F /* Spaceshift */;
			targetProxy = E4613D831BA7C3AE0098DD2F /* PBXContainerItemProxy */;
		};
/* End PBXTargetDependency section */

/* Begin PBXVariantGroup section */
		E4613D6A1BA7C3AE0098DD2F /* Main.storyboard */ = {
			isa = PBXVariantGroup;
			children = (
				E4613D6B1BA7C3AE0098DD2F /* Base */,
			);
			name = Main.storyboard;
			sourceTree = "<group>";
		};
		E4613D6F1BA7C3AE0098DD2F /* LaunchScreen.storyboard */ = {
			isa = PBXVariantGroup;
			children = (
				E4613D701BA7C3AE0098DD2F /* Base */,
			);
			name = LaunchScreen.storyboard;
			sourceTree = "<group>";
		};
/* End PBXVariantGroup section */

/* Begin XCBuildConfiguration section */
		E4613D891BA7C3AE0098DD2F /* Debug */ = {
			isa = XCBuildConfiguration;
			buildSettings = {
				ALWAYS_SEARCH_USER_PATHS = NO;
				CLANG_CXX_LANGUAGE_STANDARD = "gnu++0x";
				CLANG_CXX_LIBRARY = "libc++";
				CLANG_ENABLE_MODULES = YES;
				CLANG_ENABLE_OBJC_ARC = YES;
				CLANG_WARN_BOOL_CONVERSION = YES;
				CLANG_WARN_CONSTANT_CONVERSION = YES;
				CLANG_WARN_DIRECT_OBJC_ISA_USAGE = YES_ERROR;
				CLANG_WARN_EMPTY_BODY = YES;
				CLANG_WARN_ENUM_CONVERSION = YES;
				CLANG_WARN_INT_CONVERSION = YES;
				CLANG_WARN_OBJC_ROOT_CLASS = YES_ERROR;
				CLANG_WARN_UNREACHABLE_CODE = YES;
				CLANG_WARN__DUPLICATE_METHOD_MATCH = YES;
				"CODE_SIGN_IDENTITY[sdk=iphoneos*]" = "iPhone Developer";
				COPY_PHASE_STRIP = NO;
				DEBUG_INFORMATION_FORMAT = "dwarf-with-dsym";
				ENABLE_STRICT_OBJC_MSGSEND = YES;
				ENABLE_TESTABILITY = YES;
				GCC_C_LANGUAGE_STANDARD = gnu99;
				GCC_DYNAMIC_NO_PIC = NO;
				GCC_NO_COMMON_BLOCKS = YES;
				GCC_OPTIMIZATION_LEVEL = 0;
				GCC_PREPROCESSOR_DEFINITIONS = (
					"DEBUG=1",
					"$(inherited)",
				);
				GCC_WARN_64_TO_32_BIT_CONVERSION = YES;
				GCC_WARN_ABOUT_RETURN_TYPE = YES_ERROR;
				GCC_WARN_UNDECLARED_SELECTOR = YES;
				GCC_WARN_UNINITIALIZED_AUTOS = YES_AGGRESSIVE;
				GCC_WARN_UNUSED_FUNCTION = YES;
				GCC_WARN_UNUSED_VARIABLE = YES;
				IPHONEOS_DEPLOYMENT_TARGET = 9.1;
				MTL_ENABLE_DEBUG_INFO = YES;
				ONLY_ACTIVE_ARCH = YES;
				SDKROOT = iphoneos;
				SWIFT_OPTIMIZATION_LEVEL = "-Onone";
				TARGETED_DEVICE_FAMILY = "1,2";
			};
			name = Debug;
		};
		E4613D8A1BA7C3AE0098DD2F /* Release */ = {
			isa = XCBuildConfiguration;
			buildSettings = {
				ALWAYS_SEARCH_USER_PATHS = NO;
				CLANG_CXX_LANGUAGE_STANDARD = "gnu++0x";
				CLANG_CXX_LIBRARY = "libc++";
				CLANG_ENABLE_MODULES = YES;
				CLANG_ENABLE_OBJC_ARC = YES;
				CLANG_WARN_BOOL_CONVERSION = YES;
				CLANG_WARN_CONSTANT_CONVERSION = YES;
				CLANG_WARN_DIRECT_OBJC_ISA_USAGE = YES_ERROR;
				CLANG_WARN_EMPTY_BODY = YES;
				CLANG_WARN_ENUM_CONVERSION = YES;
				CLANG_WARN_INT_CONVERSION = YES;
				CLANG_WARN_OBJC_ROOT_CLASS = YES_ERROR;
				CLANG_WARN_UNREACHABLE_CODE = YES;
				CLANG_WARN__DUPLICATE_METHOD_MATCH = YES;
				"CODE_SIGN_IDENTITY[sdk=iphoneos*]" = "iPhone Developer";
				COPY_PHASE_STRIP = NO;
				DEBUG_INFORMATION_FORMAT = "dwarf-with-dsym";
				ENABLE_NS_ASSERTIONS = NO;
				ENABLE_STRICT_OBJC_MSGSEND = YES;
				GCC_C_LANGUAGE_STANDARD = gnu99;
				GCC_NO_COMMON_BLOCKS = YES;
				GCC_WARN_64_TO_32_BIT_CONVERSION = YES;
				GCC_WARN_ABOUT_RETURN_TYPE = YES_ERROR;
				GCC_WARN_UNDECLARED_SELECTOR = YES;
				GCC_WARN_UNINITIALIZED_AUTOS = YES_AGGRESSIVE;
				GCC_WARN_UNUSED_FUNCTION = YES;
				GCC_WARN_UNUSED_VARIABLE = YES;
				IPHONEOS_DEPLOYMENT_TARGET = 9.1;
				MTL_ENABLE_DEBUG_INFO = NO;
				SDKROOT = iphoneos;
				TARGETED_DEVICE_FAMILY = "1,2";
				VALIDATE_PRODUCT = YES;
			};
			name = Release;
		};
		E4613D8C1BA7C3AE0098DD2F /* Debug */ = {
			isa = XCBuildConfiguration;
			buildSettings = {
				ASSETCATALOG_COMPILER_APPICON_NAME = AppIcon;
				INFOPLIST_FILE = Spaceshift/Info.plist;
				LD_RUNPATH_SEARCH_PATHS = "$(inherited) @executable_path/Frameworks";
				PRODUCT_BUNDLE_IDENTIFIER = com.Cobez.Spaceshift;
				PRODUCT_NAME = "$(TARGET_NAME)";
			};
			name = Debug;
		};
		E4613D8D1BA7C3AE0098DD2F /* Release */ = {
			isa = XCBuildConfiguration;
			buildSettings = {
				ASSETCATALOG_COMPILER_APPICON_NAME = AppIcon;
				INFOPLIST_FILE = Spaceshift/Info.plist;
				LD_RUNPATH_SEARCH_PATHS = "$(inherited) @executable_path/Frameworks";
				PRODUCT_BUNDLE_IDENTIFIER = com.Cobez.Spaceshift;
				PRODUCT_NAME = "$(TARGET_NAME)";
			};
			name = Release;
		};
		E4613D8F1BA7C3AE0098DD2F /* Debug */ = {
			isa = XCBuildConfiguration;
			buildSettings = {
				BUNDLE_LOADER = "$(TEST_HOST)";
				DEBUG_INFORMATION_FORMAT = dwarf;
				INFOPLIST_FILE = SpaceshiftTests/Info.plist;
				LD_RUNPATH_SEARCH_PATHS = "$(inherited) @executable_path/Frameworks @loader_path/Frameworks";
				PRODUCT_BUNDLE_IDENTIFIER = com.Cobez.SpaceshiftTests;
				PRODUCT_NAME = "$(TARGET_NAME)";
				TEST_HOST = "$(BUILT_PRODUCTS_DIR)/Spaceshift.app/Spaceshift";
			};
			name = Debug;
		};
		E4613D901BA7C3AE0098DD2F /* Release */ = {
			isa = XCBuildConfiguration;
			buildSettings = {
				BUNDLE_LOADER = "$(TEST_HOST)";
				INFOPLIST_FILE = SpaceshiftTests/Info.plist;
				LD_RUNPATH_SEARCH_PATHS = "$(inherited) @executable_path/Frameworks @loader_path/Frameworks";
				PRODUCT_BUNDLE_IDENTIFIER = com.Cobez.SpaceshiftTests;
				PRODUCT_NAME = "$(TARGET_NAME)";
				TEST_HOST = "$(BUILT_PRODUCTS_DIR)/Spaceshift.app/Spaceshift";
			};
			name = Release;
		};
		E4613D921BA7C3AE0098DD2F /* Debug */ = {
			isa = XCBuildConfiguration;
			buildSettings = {
				DEBUG_INFORMATION_FORMAT = dwarf;
				INFOPLIST_FILE = SpaceshiftUITests/Info.plist;
				LD_RUNPATH_SEARCH_PATHS = "$(inherited) @executable_path/Frameworks @loader_path/Frameworks";
				PRODUCT_BUNDLE_IDENTIFIER = com.Cobez.SpaceshiftUITests;
				PRODUCT_NAME = "$(TARGET_NAME)";
				TEST_TARGET_NAME = Spaceshift;
				USES_XCTRUNNER = YES;
			};
			name = Debug;
		};
		E4613D931BA7C3AE0098DD2F /* Release */ = {
			isa = XCBuildConfiguration;
			buildSettings = {
				INFOPLIST_FILE = SpaceshiftUITests/Info.plist;
				LD_RUNPATH_SEARCH_PATHS = "$(inherited) @executable_path/Frameworks @loader_path/Frameworks";
				PRODUCT_BUNDLE_IDENTIFIER = com.Cobez.SpaceshiftUITests;
				PRODUCT_NAME = "$(TARGET_NAME)";
				TEST_TARGET_NAME = Spaceshift;
				USES_XCTRUNNER = YES;
			};
			name = Release;
		};
/* End XCBuildConfiguration section */

/* Begin XCConfigurationList section */
		E4613D5A1BA7C3AE0098DD2F /* Build configuration list for PBXProject "Spaceshift" */ = {
			isa = XCConfigurationList;
			buildConfigurations = (
				E4613D891BA7C3AE0098DD2F /* Debug */,
				E4613D8A1BA7C3AE0098DD2F /* Release */,
			);
			defaultConfigurationIsVisible = 0;
			defaultConfigurationName = Release;
		};
		E4613D8B1BA7C3AE0098DD2F /* Build configuration list for PBXNativeTarget "Spaceshift" */ = {
			isa = XCConfigurationList;
			buildConfigurations = (
				E4613D8C1BA7C3AE0098DD2F /* Debug */,
				E4613D8D1BA7C3AE0098DD2F /* Release */,
			);
			defaultConfigurationIsVisible = 0;
		};
		E4613D8E1BA7C3AE0098DD2F /* Build configuration list for PBXNativeTarget "SpaceshiftTests" */ = {
			isa = XCConfigurationList;
			buildConfigurations = (
				E4613D8F1BA7C3AE0098DD2F /* Debug */,
				E4613D901BA7C3AE0098DD2F /* Release */,
			);
			defaultConfigurationIsVisible = 0;
		};
		E4613D911BA7C3AE0098DD2F /* Build configuration list for PBXNativeTarget "SpaceshiftUITests" */ = {
			isa = XCConfigurationList;
			buildConfigurations = (
				E4613D921BA7C3AE0098DD2F /* Debug */,
				E4613D931BA7C3AE0098DD2F /* Release */,
			);
			defaultConfigurationIsVisible = 0;
		};
/* End XCConfigurationList section */
	};
	rootObject = E4613D571BA7C3AE0098DD2F /* Project object */;
}
